
Microsoft Visual Studio Solution File, Format Version 12.00
# Visual Studio Version 17
VisualStudioVersion = 17.6.33815.320
MinimumVisualStudioVersion = 10.0.40219.1
Project("{FAE04EC0-301F-11D3-BF4B-00C04F79EFBC}") = "Pet_Shop2", "Pet_Shop2\Pet_Shop2.csproj", "{EB42BD42-8531-4660-8A24-93A63A4AFC29}"
EndProject
Global
	GlobalSection(SolutionConfigurationPlatforms) = preSolution
		Debug|Any CPU = Debug|Any CPU
		Release|Any CPU = Release|Any CPU
	EndGlobalSection
	GlobalSection(ProjectConfigurationPlatforms) = postSolution
		{EB42BD42-8531-4660-8A24-93A63A4AFC29}.Debug|Any CPU.ActiveCfg = Debug|Any CPU
		{EB42BD42-8531-4660-8A24-93A63A4AFC29}.Debug|Any CPU.Build.0 = Debug|Any CPU
		{EB42BD42-8531-4660-8A24-93A63A4AFC29}.Release|Any CPU.ActiveCfg = Release|Any CPU
		{EB42BD42-8531-4660-8A24-93A63A4AFC29}.Release|Any CPU.Build.0 = Release|Any CPU
	EndGlobalSection
	GlobalSection(SolutionProperties) = preSolution
		HideSolutionNode = FALSE
	EndGlobalSection
	GlobalSection(ExtensibilityGlobals) = postSolution
		SolutionGuid = {C73DB7A0-23C1-4143-BF02-54A677E7462A}
	EndGlobalSection
EndGlobal
